
Microsoft Visual Studio Solution File, Format Version 12.00
# Visual Studio Version 16
VisualStudioVersion = 16.0.30621.155
MinimumVisualStudioVersion = 10.0.40219.1
Project("{FAE04EC0-301F-11D3-BF4B-00C04F79EFBC}") = "ContactConsoleApp", "ContactConsoleApp\ContactConsoleApp.csproj", "{7EEF4885-57D0-418B-83BF-5F6AED59217E}"
EndProject
Global
	GlobalSection(SolutionConfigurationPlatforms) = preSolution
		Debug|Any CPU = Debug|Any CPU
		Release|Any CPU = Release|Any CPU
	EndGlobalSection
	GlobalSection(ProjectConfigurationPlatforms) = postSolution
		{7EEF4885-57D0-418B-83BF-5F6AED59217E}.Debug|Any CPU.ActiveCfg = Debug|Any CPU
		{7EEF4885-57D0-418B-83BF-5F6AED59217E}.Debug|Any CPU.Build.0 = Debug|Any CPU
		{7EEF4885-57D0-418B-83BF-5F6AED59217E}.Release|Any CPU.ActiveCfg = Release|Any CPU
		{7EEF4885-57D0-418B-83BF-5F6AED59217E}.Release|Any CPU.Build.0 = Release|Any CPU
	EndGlobalSection
	GlobalSection(SolutionProperties) = preSolution
		HideSolutionNode = FALSE
	EndGlobalSection
	GlobalSection(ExtensibilityGlobals) = postSolution
		SolutionGuid = {81FCB9A3-9429-405D-97EC-A92FE45FB877}
	EndGlobalSection
EndGlobal
